
Microsoft Visual Studio Solution File, Format Version 12.00
# Visual Studio Version 17
VisualStudioVersion = 17.8.34322.80
MinimumVisualStudioVersion = 10.0.40219.1
Project("{FAE04EC0-301F-11D3-BF4B-00C04F79EFBC}") = "Average C#", "Average C#\Average C#.csproj", "{3B8D00AA-DFF1-46E6-81F1-A41C971BB3E6}"
EndProject
Global
	GlobalSection(SolutionConfigurationPlatforms) = preSolution
		Debug|Any CPU = Debug|Any CPU
		Release|Any CPU = Release|Any CPU
	EndGlobalSection
	GlobalSection(ProjectConfigurationPlatforms) = postSolution
		{3B8D00AA-DFF1-46E6-81F1-A41C971BB3E6}.Debug|Any CPU.ActiveCfg = Debug|Any CPU
		{3B8D00AA-DFF1-46E6-81F1-A41C971BB3E6}.Debug|Any CPU.Build.0 = Debug|Any CPU
		{3B8D00AA-DFF1-46E6-81F1-A41C971BB3E6}.Release|Any CPU.ActiveCfg = Release|Any CPU
		{3B8D00AA-DFF1-46E6-81F1-A41C971BB3E6}.Release|Any CPU.Build.0 = Release|Any CPU
	EndGlobalSection
	GlobalSection(SolutionProperties) = preSolution
		HideSolutionNode = FALSE
	EndGlobalSection
	GlobalSection(ExtensibilityGlobals) = postSolution
		SolutionGuid = {B40E4706-3EC3-4F03-91DC-72CCB8298D3F}
	EndGlobalSection
EndGlobal
